
Microsoft Visual Studio Solution File, Format Version 11.00
# Visual Studio 2010
Project("{FAE04EC0-301F-11D3-BF4B-00C04F79EFBC}") = "HelloWorldService", "HelloWorldService\HelloWorldService.csproj", "{770E10FB-6673-4615-B025-56FB5F016C83}"
EndProject
Project("{E24C65DC-7377-472B-9ABA-BC803B73C61A}") = "HostDevServer", "HostDevServer\", "{2B0DA741-B1C3-4424-A90D-579F4DB6B3F8}"
	ProjectSection(WebsiteProperties) = preProject
		TargetFrameworkMoniker = ".NETFramework,Version%3Dv4.0"
		ProjectReferences = "{770E10FB-6673-4615-B025-56FB5F016C83}|HelloWorldService.dll;"
		Debug.AspNetCompiler.VirtualPath = "/HostDevServer"
		Debug.AspNetCompiler.PhysicalPath = "HostDevServer\"
		Debug.AspNetCompiler.TargetPath = "PrecompiledWeb\HostDevServer\"
		Debug.AspNetCompiler.Updateable = "true"
		Debug.AspNetCompiler.ForceOverwrite = "true"
		Debug.AspNetCompiler.FixedNames = "false"
		Debug.AspNetCompiler.Debug = "True"
		Release.AspNetCompiler.VirtualPath = "/HostDevServer"
		Release.AspNetCompiler.PhysicalPath = "HostDevServer\"
		Release.AspNetCompiler.TargetPath = "PrecompiledWeb\HostDevServer\"
		Release.AspNetCompiler.Updateable = "true"
		Release.AspNetCompiler.ForceOverwrite = "true"
		Release.AspNetCompiler.FixedNames = "false"
		Release.AspNetCompiler.Debug = "False"
		VWDPort = "8080"
		VWDDynamicPort = "false"
		DefaultWebSiteLanguage = "Visual C#"
	EndProjectSection
EndProject
Project("{FAE04EC0-301F-11D3-BF4B-00C04F79EFBC}") = "HelloWorldClient", "HelloWorldClient\HelloWorldClient.csproj", "{EDDD6F04-5910-4422-B2BC-21D0C3CAEB27}"
EndProject
Project("{FAE04EC0-301F-11D3-BF4B-00C04F79EFBC}") = "HostCmdLineApp", "HostCmdLineApp\HostCmdLineApp.csproj", "{5AFB5F25-01FD-4E20-AB71-201304DFD33C}"
EndProject
Global
	GlobalSection(SolutionConfigurationPlatforms) = preSolution
		Debug|Any CPU = Debug|Any CPU
		Debug|Mixed Platforms = Debug|Mixed Platforms
		Debug|x86 = Debug|x86
		Release|Any CPU = Release|Any CPU
		Release|Mixed Platforms = Release|Mixed Platforms
		Release|x86 = Release|x86
	EndGlobalSection
	GlobalSection(ProjectConfigurationPlatforms) = postSolution
		{770E10FB-6673-4615-B025-56FB5F016C83}.Debug|Any CPU.ActiveCfg = Debug|Any CPU
		{770E10FB-6673-4615-B025-56FB5F016C83}.Debug|Any CPU.Build.0 = Debug|Any CPU
		{770E10FB-6673-4615-B025-56FB5F016C83}.Debug|Mixed Platforms.ActiveCfg = Debug|Any CPU
		{770E10FB-6673-4615-B025-56FB5F016C83}.Debug|Mixed Platforms.Build.0 = Debug|Any CPU
		{770E10FB-6673-4615-B025-56FB5F016C83}.Debug|x86.ActiveCfg = Debug|Any CPU
		{770E10FB-6673-4615-B025-56FB5F016C83}.Release|Any CPU.ActiveCfg = Release|Any CPU
		{770E10FB-6673-4615-B025-56FB5F016C83}.Release|Any CPU.Build.0 = Release|Any CPU
		{770E10FB-6673-4615-B025-56FB5F016C83}.Release|Mixed Platforms.ActiveCfg = Release|Any CPU
		{770E10FB-6673-4615-B025-56FB5F016C83}.Release|Mixed Platforms.Build.0 = Release|Any CPU
		{770E10FB-6673-4615-B025-56FB5F016C83}.Release|x86.ActiveCfg = Release|Any CPU
		{2B0DA741-B1C3-4424-A90D-579F4DB6B3F8}.Debug|Any CPU.ActiveCfg = Debug|Any CPU
		{2B0DA741-B1C3-4424-A90D-579F4DB6B3F8}.Debug|Any CPU.Build.0 = Debug|Any CPU
		{2B0DA741-B1C3-4424-A90D-579F4DB6B3F8}.Debug|Mixed Platforms.ActiveCfg = Debug|Any CPU
		{2B0DA741-B1C3-4424-A90D-579F4DB6B3F8}.Debug|Mixed Platforms.Build.0 = Debug|Any CPU
		{2B0DA741-B1C3-4424-A90D-579F4DB6B3F8}.Debug|x86.ActiveCfg = Debug|Any CPU
		{2B0DA741-B1C3-4424-A90D-579F4DB6B3F8}.Release|Any CPU.ActiveCfg = Debug|Any CPU
		{2B0DA741-B1C3-4424-A90D-579F4DB6B3F8}.Release|Any CPU.Build.0 = Debug|Any CPU
		{2B0DA741-B1C3-4424-A90D-579F4DB6B3F8}.Release|Mixed Platforms.ActiveCfg = Debug|Any CPU
		{2B0DA741-B1C3-4424-A90D-579F4DB6B3F8}.Release|Mixed Platforms.Build.0 = Debug|Any CPU
		{2B0DA741-B1C3-4424-A90D-579F4DB6B3F8}.Release|x86.ActiveCfg = Debug|Any CPU
		{EDDD6F04-5910-4422-B2BC-21D0C3CAEB27}.Debug|Any CPU.ActiveCfg = Debug|x86
		{EDDD6F04-5910-4422-B2BC-21D0C3CAEB27}.Debug|Mixed Platforms.ActiveCfg = Debug|x86
		{EDDD6F04-5910-4422-B2BC-21D0C3CAEB27}.Debug|Mixed Platforms.Build.0 = Debug|x86
		{EDDD6F04-5910-4422-B2BC-21D0C3CAEB27}.Debug|x86.ActiveCfg = Debug|x86
		{EDDD6F04-5910-4422-B2BC-21D0C3CAEB27}.Debug|x86.Build.0 = Debug|x86
		{EDDD6F04-5910-4422-B2BC-21D0C3CAEB27}.Release|Any CPU.ActiveCfg = Release|x86
		{EDDD6F04-5910-4422-B2BC-21D0C3CAEB27}.Release|Mixed Platforms.ActiveCfg = Release|x86
		{EDDD6F04-5910-4422-B2BC-21D0C3CAEB27}.Release|Mixed Platforms.Build.0 = Release|x86
		{EDDD6F04-5910-4422-B2BC-21D0C3CAEB27}.Release|x86.ActiveCfg = Release|x86
		{EDDD6F04-5910-4422-B2BC-21D0C3CAEB27}.Release|x86.Build.0 = Release|x86
		{5AFB5F25-01FD-4E20-AB71-201304DFD33C}.Debug|Any CPU.ActiveCfg = Debug|x86
		{5AFB5F25-01FD-4E20-AB71-201304DFD33C}.Debug|Mixed Platforms.ActiveCfg = Debug|x86
		{5AFB5F25-01FD-4E20-AB71-201304DFD33C}.Debug|Mixed Platforms.Build.0 = Debug|x86
		{5AFB5F25-01FD-4E20-AB71-201304DFD33C}.Debug|x86.ActiveCfg = Debug|x86
		{5AFB5F25-01FD-4E20-AB71-201304DFD33C}.Debug|x86.Build.0 = Debug|x86
		{5AFB5F25-01FD-4E20-AB71-201304DFD33C}.Release|Any CPU.ActiveCfg = Release|x86
		{5AFB5F25-01FD-4E20-AB71-201304DFD33C}.Release|Mixed Platforms.ActiveCfg = Release|x86
		{5AFB5F25-01FD-4E20-AB71-201304DFD33C}.Release|Mixed Platforms.Build.0 = Release|x86
		{5AFB5F25-01FD-4E20-AB71-201304DFD33C}.Release|x86.ActiveCfg = Release|x86
		{5AFB5F25-01FD-4E20-AB71-201304DFD33C}.Release|x86.Build.0 = Release|x86
	EndGlobalSection
	GlobalSection(SolutionProperties) = preSolution
		HideSolutionNode = FALSE
	EndGlobalSection
EndGlobal
